
Microsoft Visual Studio Solution File, Format Version 12.00
# Visual Studio Version 16
VisualStudioVersion = 16.0.30413.136
MinimumVisualStudioVersion = 10.0.40219.1
Project("{FAE04EC0-301F-11D3-BF4B-00C04F79EFBC}") = "AHOJ", "WindowsFormsApp4\AHOJ.csproj", "{330AB768-5BDF-49E2-B677-8ED00E9301EF}"
EndProject
Global
	GlobalSection(SolutionConfigurationPlatforms) = preSolution
		Debug|Any CPU = Debug|Any CPU
		Release|Any CPU = Release|Any CPU
	EndGlobalSection
	GlobalSection(ProjectConfigurationPlatforms) = postSolution
		{330AB768-5BDF-49E2-B677-8ED00E9301EF}.Debug|Any CPU.ActiveCfg = Debug|Any CPU
		{330AB768-5BDF-49E2-B677-8ED00E9301EF}.Debug|Any CPU.Build.0 = Debug|Any CPU
		{330AB768-5BDF-49E2-B677-8ED00E9301EF}.Release|Any CPU.ActiveCfg = Release|Any CPU
		{330AB768-5BDF-49E2-B677-8ED00E9301EF}.Release|Any CPU.Build.0 = Release|Any CPU
	EndGlobalSection
	GlobalSection(SolutionProperties) = preSolution
		HideSolutionNode = FALSE
	EndGlobalSection
	GlobalSection(ExtensibilityGlobals) = postSolution
		SolutionGuid = {B94597C3-2E8F-42A9-BB3F-1CCA72BE4AA6}
	EndGlobalSection
EndGlobal
